
Microsoft Visual Studio Solution File, Format Version 12.00
# Visual Studio Version 17
VisualStudioVersion = 17.4.33205.214
MinimumVisualStudioVersion = 10.0.40219.1
Project("{FAE04EC0-301F-11D3-BF4B-00C04F79EFBC}") = "GrpcService", "GrpcService\GrpcService.csproj", "{2B007D07-4D65-4743-ACEF-D5E436BEEA92}"
EndProject
Global
	GlobalSection(SolutionConfigurationPlatforms) = preSolution
		Debug|Any CPU = Debug|Any CPU
		Release|Any CPU = Release|Any CPU
	EndGlobalSection
	GlobalSection(ProjectConfigurationPlatforms) = postSolution
		{2B007D07-4D65-4743-ACEF-D5E436BEEA92}.Debug|Any CPU.ActiveCfg = Debug|Any CPU
		{2B007D07-4D65-4743-ACEF-D5E436BEEA92}.Debug|Any CPU.Build.0 = Debug|Any CPU
		{2B007D07-4D65-4743-ACEF-D5E436BEEA92}.Release|Any CPU.ActiveCfg = Release|Any CPU
		{2B007D07-4D65-4743-ACEF-D5E436BEEA92}.Release|Any CPU.Build.0 = Release|Any CPU
	EndGlobalSection
	GlobalSection(SolutionProperties) = preSolution
		HideSolutionNode = FALSE
	EndGlobalSection
	GlobalSection(ExtensibilityGlobals) = postSolution
		SolutionGuid = {537C7D23-B170-474B-A52F-F9F55A655334}
	EndGlobalSection
EndGlobal
